// !$*UTF8*$!
{
	archiveVersion = 1;
	classes = {
	};
	objectVersion = 48;
	objects = {

/* Begin PBXBuildFile section */
		909D0448203C7EC2002B1A26 /* AppDelegate.swift in Sources */ = {isa = PBXBuildFile; fileRef = 909D0447203C7EC2002B1A26 /* AppDelegate.swift */; };
		909D044A203C7EC2002B1A26 /* ViewController.swift in Sources */ = {isa = PBXBuildFile; fileRef = 909D0449203C7EC2002B1A26 /* ViewController.swift */; };
		909D044D203C7EC2002B1A26 /* Main.storyboard in Resources */ = {isa = PBXBuildFile; fileRef = 909D044B203C7EC2002B1A26 /* Main.storyboard */; };
		909D044F203C7EC2002B1A26 /* Assets.xcassets in Resources */ = {isa = PBXBuildFile; fileRef = 909D044E203C7EC2002B1A26 /* Assets.xcassets */; };
		909D0452203C7EC2002B1A26 /* LaunchScreen.storyboard in Resources */ = {isa = PBXBuildFile; fileRef = 909D0450203C7EC2002B1A26 /* LaunchScreen.storyboard */; };
		909D045D203C7EC2002B1A26 /* GithubPractiseTests.swift in Sources */ = {isa = PBXBuildFile; fileRef = 909D045C203C7EC2002B1A26 /* GithubPractiseTests.swift */; };
/* End PBXBuildFile section */

/* Begin PBXContainerItemProxy section */
		909D0459203C7EC2002B1A26 /* PBXContainerItemProxy */ = {
			isa = PBXContainerItemProxy;
			containerPortal = 909D043C203C7EC2002B1A26 /* Project object */;
			proxyType = 1;
			remoteGlobalIDString = 909D0443203C7EC2002B1A26;
			remoteInfo = GithubPractise;
		};
/* End PBXContainerItemProxy section */

/* Begin PBXFileReference section */
		909D0444203C7EC2002B1A26 /* GithubPractise.app */ = {isa = PBXFileReference; explicitFileType = wrapper.application; includeInIndex = 0; path = GithubPractise.app; sourceTree = BUILT_PRODUCTS_DIR; };
		909D0447203C7EC2002B1A26 /* AppDelegate.swift */ = {isa = PBXFileReference; lastKnownFileType = sourcecode.swift; path = AppDelegate.swift; sourceTree = "<group>"; };
		909D0449203C7EC2002B1A26 /* ViewController.swift */ = {isa = PBXFileReference; lastKnownFileType = sourcecode.swift; path = ViewController.swift; sourceTree = "<group>"; };
		909D044C203C7EC2002B1A26 /* Base */ = {isa = PBXFileReference; lastKnownFileType = file.storyboard; name = Base; path = Base.lproj/Main.storyboard; sourceTree = "<group>"; };
		909D044E203C7EC2002B1A26 /* Assets.xcassets */ = {isa = PBXFileReference; lastKnownFileType = folder.assetcatalog; path = Assets.xcassets; sourceTree = "<group>"; };
		909D0451203C7EC2002B1A26 /* Base */ = {isa = PBXFileReference; lastKnownFileType = file.storyboard; name = Base; path = Base.lproj/LaunchScreen.storyboard; sourceTree = "<group>"; };
		909D0453203C7EC2002B1A26 /* Info.plist */ = {isa = PBXFileReference; lastKnownFileType = text.plist.xml; path = Info.plist; sourceTree = "<group>"; };
		909D0458203C7EC2002B1A26 /* GithubPractiseTests.xctest */ = {isa = PBXFileReference; explicitFileType = wrapper.cfbundle; includeInIndex = 0; path = GithubPractiseTests.xctest; sourceTree = BUILT_PRODUCTS_DIR; };
		909D045C203C7EC2002B1A26 /* GithubPractiseTests.swift */ = {isa = PBXFileReference; lastKnownFileType = sourcecode.swift; path = GithubPractiseTests.swift; sourceTree = "<group>"; };
		909D045E203C7EC2002B1A26 /* Info.plist */ = {isa = PBXFileReference; lastKnownFileType = text.plist.xml; path = Info.plist; sourceTree = "<group>"; };
/* End PBXFileReference section */

/* Begin PBXFrameworksBuildPhase section */
		909D0441203C7EC2002B1A26 /* Frameworks */ = {
			isa = PBXFrameworksBuildPhase;
			buildActionMask = 2147483647;
			files = (
			);
			runOnlyForDeploymentPostprocessing = 0;
		};
		909D0455203C7EC2002B1A26 /* Frameworks */ = {
			isa = PBXFrameworksBuildPhase;
			buildActionMask = 2147483647;
			files = (
			);
			runOnlyForDeploymentPostprocessing = 0;
		};
/* End PBXFrameworksBuildPhase section */

/* Begin PBXGroup section */
		909D043B203C7EC2002B1A26 = {
			isa = PBXGroup;
			children = (
				909D0446203C7EC2002B1A26 /* GithubPractise */,
				909D045B203C7EC2002B1A26 /* GithubPractiseTests */,
				909D0445203C7EC2002B1A26 /* Products */,
			);
			sourceTree = "<group>";
		};
		909D0445203C7EC2002B1A26 /* Products */ = {
			isa = PBXGroup;
			children = (
				909D0444203C7EC2002B1A26 /* GithubPractise.app */,
				909D0458203C7EC2002B1A26 /* GithubPractiseTests.xctest */,
			);
			name = Products;
			sourceTree = "<group>";
		};
		909D0446203C7EC2002B1A26 /* GithubPractise */ = {
			isa = PBXGroup;
			children = (
				909D0447203C7EC2002B1A26 /* AppDelegate.swift */,
				909D0449203C7EC2002B1A26 /* ViewController.swift */,
				909D044B203C7EC2002B1A26 /* Main.storyboard */,
				909D044E203C7EC2002B1A26 /* Assets.xcassets */,
				909D0450203C7EC2002B1A26 /* LaunchScreen.storyboard */,
				909D0453203C7EC2002B1A26 /* Info.plist */,
			);
			path = GithubPractise;
			sourceTree = "<group>";
		};
		909D045B203C7EC2002B1A26 /* GithubPractiseTests */ = {
			isa = PBXGroup;
			children = (
				909D045C203C7EC2002B1A26 /* GithubPractiseTests.swift */,
				909D045E203C7EC2002B1A26 /* Info.plist */,
			);
			path = GithubPractiseTests;
			sourceTree = "<group>";
		};
/* End PBXGroup section */

/* Begin PBXNativeTarget section */
		909D0443203C7EC2002B1A26 /* GithubPractise */ = {
			isa = PBXNativeTarget;
			buildConfigurationList = 909D0461203C7EC2002B1A26 /* Build configuration list for PBXNativeTarget "GithubPractise" */;
			buildPhases = (
				909D0440203C7EC2002B1A26 /* Sources */,
				909D0441203C7EC2002B1A26 /* Frameworks */,
				909D0442203C7EC2002B1A26 /* Resources */,
			);
			buildRules = (
			);
			dependencies = (
			);
			name = GithubPractise;
			productName = GithubPractise;
			productReference = 909D0444203C7EC2002B1A26 /* GithubPractise.app */;
			productType = "com.apple.product-type.application";
		};
		909D0457203C7EC2002B1A26 /* GithubPractiseTests */ = {
			isa = PBXNativeTarget;
			buildConfigurationList = 909D0464203C7EC2002B1A26 /* Build configuration list for PBXNativeTarget "GithubPractiseTests" */;
			buildPhases = (
				909D0454203C7EC2002B1A26 /* Sources */,
				909D0455203C7EC2002B1A26 /* Frameworks */,
				909D0456203C7EC2002B1A26 /* Resources */,
			);
			buildRules = (
			);
			dependencies = (
				909D045A203C7EC2002B1A26 /* PBXTargetDependency */,
			);
			name = GithubPractiseTests;
			productName = GithubPractiseTests;
			productReference = 909D0458203C7EC2002B1A26 /* GithubPractiseTests.xctest */;
			productType = "com.apple.product-type.bundle.unit-test";
		};
/* End PBXNativeTarget section */

/* Begin PBXProject section */
		909D043C203C7EC2002B1A26 /* Project object */ = {
			isa = PBXProject;
			attributes = {
				LastSwiftUpdateCheck = 0920;
				LastUpgradeCheck = 0920;
				ORGANIZATIONNAME = "Viren Patel";
				TargetAttributes = {
					909D0443203C7EC2002B1A26 = {
						CreatedOnToolsVersion = 9.2;
						ProvisioningStyle = Automatic;
					};
					909D0457203C7EC2002B1A26 = {
						CreatedOnToolsVersion = 9.2;
						ProvisioningStyle = Automatic;
						TestTargetID = 909D0443203C7EC2002B1A26;
					};
				};
			};
			buildConfigurationList = 909D043F203C7EC2002B1A26 /* Build configuration list for PBXProject "GithubPractise" */;
			compatibilityVersion = "Xcode 8.0";
			developmentRegion = en;
			hasScannedForEncodings = 0;
			knownRegions = (
				en,
				Base,
			);
			mainGroup = 909D043B203C7EC2002B1A26;
			productRefGroup = 909D0445203C7EC2002B1A26 /* Products */;
			projectDirPath = "";
			projectRoot = "";
			targets = (
				909D0443203C7EC2002B1A26 /* GithubPractise */,
				909D0457203C7EC2002B1A26 /* GithubPractiseTests */,
			);
		};
/* End PBXProject section */

/* Begin PBXResourcesBuildPhase section */
		909D0442203C7EC2002B1A26 /* Resources */ = {
			isa = PBXResourcesBuildPhase;
			buildActionMask = 2147483647;
			files = (
				909D0452203C7EC2002B1A26 /* LaunchScreen.storyboard in Resources */,
				909D044F203C7EC2002B1A26 /* Assets.xcassets in Resources */,
				909D044D203C7EC2002B1A26 /* Main.storyboard in Resources */,
			);
			runOnlyForDeploymentPostprocessing = 0;
		};
		909D0456203C7EC2002B1A26 /* Resources */ = {
			isa = PBXResourcesBuildPhase;
			buildActionMask = 2147483647;
			files = (
			);
			runOnlyForDeploymentPostprocessing = 0;
		};
/* End PBXResourcesBuildPhase section */

/* Begin PBXSourcesBuildPhase section */
		909D0440203C7EC2002B1A26 /* Sources */ = {
			isa = PBXSourcesBuildPhase;
			buildActionMask = 2147483647;
			files = (
				909D044A203C7EC2002B1A26 /* ViewController.swift in Sources */,
				909D0448203C7EC2002B1A26 /* AppDelegate.swift in Sources */,
			);
			runOnlyForDeploymentPostprocessing = 0;
		};
		909D0454203C7EC2002B1A26 /* Sources */ = {
			isa = PBXSourcesBuildPhase;
			buildActionMask = 2147483647;
			files = (
				909D045D203C7EC2002B1A26 /* GithubPractiseTests.swift in Sources */,
			);
			runOnlyForDeploymentPostprocessing = 0;
		};
/* End PBXSourcesBuildPhase section */

/* Begin PBXTargetDependency section */
		909D045A203C7EC2002B1A26 /* PBXTargetDependency */ = {
			isa = PBXTargetDependency;
			target = 909D0443203C7EC2002B1A26 /* GithubPractise */;
			targetProxy = 909D0459203C7EC2002B1A26 /* PBXContainerItemProxy */;
		};
/* End PBXTargetDependency section */

/* Begin PBXVariantGroup section */
		909D044B203C7EC2002B1A26 /* Main.storyboard */ = {
			isa = PBXVariantGroup;
			children = (
				909D044C203C7EC2002B1A26 /* Base */,
			);
			name = Main.storyboard;
			sourceTree = "<group>";
		};
		909D0450203C7EC2002B1A26 /* LaunchScreen.storyboard */ = {
			isa = PBXVariantGroup;
			children = (
				909D0451203C7EC2002B1A26 /* Base */,
			);
			name = LaunchScreen.storyboard;
			sourceTree = "<group>";
		};
/* End PBXVariantGroup section */

/* Begin XCBuildConfiguration section */
		909D045F203C7EC2002B1A26 /* Debug */ = {
			isa = XCBuildConfiguration;
			buildSettings = {
				ALWAYS_SEARCH_USER_PATHS = NO;
				CLANG_ANALYZER_NONNULL = YES;
				CLANG_ANALYZER_NUMBER_OBJECT_CONVERSION = YES_AGGRESSIVE;
				CLANG_CXX_LANGUAGE_STANDARD = "gnu++14";
				CLANG_CXX_LIBRARY = "libc++";
				CLANG_ENABLE_MODULES = YES;
				CLANG_ENABLE_OBJC_ARC = YES;
				CLANG_WARN_BLOCK_CAPTURE_AUTORELEASING = YES;
				CLANG_WARN_BOOL_CONVERSION = YES;
				CLANG_WARN_COMMA = YES;
				CLANG_WARN_CONSTANT_CONVERSION = YES;
				CLANG_WARN_DIRECT_OBJC_ISA_USAGE = YES_ERROR;
				CLANG_WARN_DOCUMENTATION_COMMENTS = YES;
				CLANG_WARN_EMPTY_BODY = YES;
				CLANG_WARN_ENUM_CONVERSION = YES;
				CLANG_WARN_INFINITE_RECURSION = YES;
				CLANG_WARN_INT_CONVERSION = YES;
				CLANG_WARN_NON_LITERAL_NULL_CONVERSION = YES;
				CLANG_WARN_OBJC_LITERAL_CONVERSION = YES;
				CLANG_WARN_OBJC_ROOT_CLASS = YES_ERROR;
				CLANG_WARN_RANGE_LOOP_ANALYSIS = YES;
				CLANG_WARN_STRICT_PROTOTYPES = YES;
				CLANG_WARN_SUSPICIOUS_MOVE = YES;
				CLANG_WARN_UNGUARDED_AVAILABILITY = YES_AGGRESSIVE;
				CLANG_WARN_UNREACHABLE_CODE = YES;
				CLANG_WARN__DUPLICATE_METHOD_MATCH = YES;
				CODE_SIGN_IDENTITY = "iPhone Developer";
				COPY_PHASE_STRIP = NO;
				DEBUG_INFORMATION_FORMAT = dwarf;
				ENABLE_STRICT_OBJC_MSGSEND = YES;
				ENABLE_TESTABILITY = YES;
				GCC_C_LANGUAGE_STANDARD = gnu11;
				GCC_DYNAMIC_NO_PIC = NO;
				GCC_NO_COMMON_BLOCKS = YES;
				GCC_OPTIMIZATION_LEVEL = 0;
				GCC_PREPROCESSOR_DEFINITIONS = (
					"DEBUG=1",
					"$(inherited)",
				);
				GCC_WARN_64_TO_32_BIT_CONVERSION = YES;
				GCC_WARN_ABOUT_RETURN_TYPE = YES_ERROR;
				GCC_WARN_UNDECLARED_SELECTOR = YES;
				GCC_WARN_UNINITIALIZED_AUTOS = YES_AGGRESSIVE;
				GCC_WARN_UNUSED_FUNCTION = YES;
				GCC_WARN_UNUSED_VARIABLE = YES;
				IPHONEOS_DEPLOYMENT_TARGET = 11.2;
				MTL_ENABLE_DEBUG_INFO = YES;
				ONLY_ACTIVE_ARCH = YES;
				SDKROOT = iphoneos;
				SWIFT_ACTIVE_COMPILATION_CONDITIONS = DEBUG;
				SWIFT_OPTIMIZATION_LEVEL = "-Onone";
			};
			name = Debug;
		};
		909D0460203C7EC2002B1A26 /* Release */ = {
			isa = XCBuildConfiguration;
			buildSettings = {
				ALWAYS_SEARCH_USER_PATHS = NO;
				CLANG_ANALYZER_NONNULL = YES;
				CLANG_ANALYZER_NUMBER_OBJECT_CONVERSION = YES_AGGRESSIVE;
				CLANG_CXX_LANGUAGE_STANDARD = "gnu++14";
				CLANG_CXX_LIBRARY = "libc++";
				CLANG_ENABLE_MODULES = YES;
				CLANG_ENABLE_OBJC_ARC = YES;
				CLANG_WARN_BLOCK_CAPTURE_AUTORELEASING = YES;
				CLANG_WARN_BOOL_CONVERSION = YES;
				CLANG_WARN_COMMA = YES;
				CLANG_WARN_CONSTANT_CONVERSION = YES;
				CLANG_WARN_DIRECT_OBJC_ISA_USAGE = YES_ERROR;
				CLANG_WARN_DOCUMENTATION_COMMENTS = YES;
				CLANG_WARN_EMPTY_BODY = YES;
				CLANG_WARN_ENUM_CONVERSION = YES;
				CLANG_WARN_INFINITE_RECURSION = YES;
				CLANG_WARN_INT_CONVERSION = YES;
				CLANG_WARN_NON_LITERAL_NULL_CONVERSION = YES;
				CLANG_WARN_OBJC_LITERAL_CONVERSION = YES;
				CLANG_WARN_OBJC_ROOT_CLASS = YES_ERROR;
				CLANG_WARN_RANGE_LOOP_ANALYSIS = YES;
				CLANG_WARN_STRICT_PROTOTYPES = YES;
				CLANG_WARN_SUSPICIOUS_MOVE = YES;
				CLANG_WARN_UNGUARDED_AVAILABILITY = YES_AGGRESSIVE;
				CLANG_WARN_UNREACHABLE_CODE = YES;
				CLANG_WARN__DUPLICATE_METHOD_MATCH = YES;
				CODE_SIGN_IDENTITY = "iPhone Developer";
				COPY_PHASE_STRIP = NO;
				DEBUG_INFORMATION_FORMAT = "dwarf-with-dsym";
				ENABLE_NS_ASSERTIONS = NO;
				ENABLE_STRICT_OBJC_MSGSEND = YES;
				GCC_C_LANGUAGE_STANDARD = gnu11;
				GCC_NO_COMMON_BLOCKS = YES;
				GCC_WARN_64_TO_32_BIT_CONVERSION = YES;
				GCC_WARN_ABOUT_RETURN_TYPE = YES_ERROR;
				GCC_WARN_UNDECLARED_SELECTOR = YES;
				GCC_WARN_UNINITIALIZED_AUTOS = YES_AGGRESSIVE;
				GCC_WARN_UNUSED_FUNCTION = YES;
				GCC_WARN_UNUSED_VARIABLE = YES;
				IPHONEOS_DEPLOYMENT_TARGET = 11.2;
				MTL_ENABLE_DEBUG_INFO = NO;
				SDKROOT = iphoneos;
				SWIFT_OPTIMIZATION_LEVEL = "-Owholemodule";
				VALIDATE_PRODUCT = YES;
			};
			name = Release;
		};
		909D0462203C7EC2002B1A26 /* Debug */ = {
			isa = XCBuildConfiguration;
			buildSettings = {
				ASSETCATALOG_COMPILER_APPICON_NAME = AppIcon;
				CODE_SIGN_STYLE = Automatic;
				INFOPLIST_FILE = GithubPractise/Info.plist;
				LD_RUNPATH_SEARCH_PATHS = "$(inherited) @executable_path/Frameworks";
				PRODUCT_BUNDLE_IDENTIFIER = "Viren-Patel.GithubPractise";
				PRODUCT_NAME = "$(TARGET_NAME)";
				SWIFT_VERSION = 4.0;
				TARGETED_DEVICE_FAMILY = "1,2";
			};
			name = Debug;
		};
		909D0463203C7EC2002B1A26 /* Release */ = {
			isa = XCBuildConfiguration;
			buildSettings = {
				ASSETCATALOG_COMPILER_APPICON_NAME = AppIcon;
				CODE_SIGN_STYLE = Automatic;
				INFOPLIST_FILE = GithubPractise/Info.plist;
				LD_RUNPATH_SEARCH_PATHS = "$(inherited) @executable_path/Frameworks";
				PRODUCT_BUNDLE_IDENTIFIER = "Viren-Patel.GithubPractise";
				PRODUCT_NAME = "$(TARGET_NAME)";
				SWIFT_VERSION = 4.0;
				TARGETED_DEVICE_FAMILY = "1,2";
			};
			name = Release;
		};
		909D0465203C7EC2002B1A26 /* Debug */ = {
			isa = XCBuildConfiguration;
			buildSettings = {
				ALWAYS_EMBED_SWIFT_STANDARD_LIBRARIES = YES;
				BUNDLE_LOADER = "$(TEST_HOST)";
				CODE_SIGN_STYLE = Automatic;
				INFOPLIST_FILE = GithubPractiseTests/Info.plist;
				LD_RUNPATH_SEARCH_PATHS = "$(inherited) @executable_path/Frameworks @loader_path/Frameworks";
				PRODUCT_BUNDLE_IDENTIFIER = "Viren-Patel.GithubPractiseTests";
				PRODUCT_NAME = "$(TARGET_NAME)";
				SWIFT_VERSION = 4.0;
				TARGETED_DEVICE_FAMILY = "1,2";
				TEST_HOST = "$(BUILT_PRODUCTS_DIR)/GithubPractise.app/GithubPractise";
			};
			name = Debug;
		};
		909D0466203C7EC2002B1A26 /* Release */ = {
			isa = XCBuildConfiguration;
			buildSettings = {
				ALWAYS_EMBED_SWIFT_STANDARD_LIBRARIES = YES;
				BUNDLE_LOADER = "$(TEST_HOST)";
				CODE_SIGN_STYLE = Automatic;
				INFOPLIST_FILE = GithubPractiseTests/Info.plist;
				LD_RUNPATH_SEARCH_PATHS = "$(inherited) @executable_path/Frameworks @loader_path/Frameworks";
				PRODUCT_BUNDLE_IDENTIFIER = "Viren-Patel.GithubPractiseTests";
				PRODUCT_NAME = "$(TARGET_NAME)";
				SWIFT_VERSION = 4.0;
				TARGETED_DEVICE_FAMILY = "1,2";
				TEST_HOST = "$(BUILT_PRODUCTS_DIR)/GithubPractise.app/GithubPractise";
			};
			name = Release;
		};
/* End XCBuildConfiguration section */

/* Begin XCConfigurationList section */
		909D043F203C7EC2002B1A26 /* Build configuration list for PBXProject "GithubPractise" */ = {
			isa = XCConfigurationList;
			buildConfigurations = (
				909D045F203C7EC2002B1A26 /* Debug */,
				909D0460203C7EC2002B1A26 /* Release */,
			);
			defaultConfigurationIsVisible = 0;
			defaultConfigurationName = Release;
		};
		909D0461203C7EC2002B1A26 /* Build configuration list for PBXNativeTarget "GithubPractise" */ = {
			isa = XCConfigurationList;
			buildConfigurations = (
				909D0462203C7EC2002B1A26 /* Debug */,
				909D0463203C7EC2002B1A26 /* Release */,
			);
			defaultConfigurationIsVisible = 0;
			defaultConfigurationName = Release;
		};
		909D0464203C7EC2002B1A26 /* Build configuration list for PBXNativeTarget "GithubPractiseTests" */ = {
			isa = XCConfigurationList;
			buildConfigurations = (
				909D0465203C7EC2002B1A26 /* Debug */,
				909D0466203C7EC2002B1A26 /* Release */,
			);
			defaultConfigurationIsVisible = 0;
			defaultConfigurationName = Release;
		};
/* End XCConfigurationList section */
	};
	rootObject = 909D043C203C7EC2002B1A26 /* Project object */;
}
